
Microsoft Visual Studio Solution File, Format Version 12.00
# Visual Studio Version 17
VisualStudioVersion = 17.5.002.0
MinimumVisualStudioVersion = 10.0.40219.1
Project("{9A19103F-16F7-4668-BE54-9A1E7A4F7556}") = "lab1", "lab1.csproj", "{DAD8EC01-3BD4-4A27-8603-9F42D8916712}"
EndProject
Global
	GlobalSection(SolutionConfigurationPlatforms) = preSolution
		Debug|Any CPU = Debug|Any CPU
		Release|Any CPU = Release|Any CPU
	EndGlobalSection
	GlobalSection(ProjectConfigurationPlatforms) = postSolution
		{DAD8EC01-3BD4-4A27-8603-9F42D8916712}.Debug|Any CPU.ActiveCfg = Debug|Any CPU
		{DAD8EC01-3BD4-4A27-8603-9F42D8916712}.Debug|Any CPU.Build.0 = Debug|Any CPU
		{DAD8EC01-3BD4-4A27-8603-9F42D8916712}.Release|Any CPU.ActiveCfg = Release|Any CPU
		{DAD8EC01-3BD4-4A27-8603-9F42D8916712}.Release|Any CPU.Build.0 = Release|Any CPU
	EndGlobalSection
	GlobalSection(SolutionProperties) = preSolution
		HideSolutionNode = FALSE
	EndGlobalSection
	GlobalSection(ExtensibilityGlobals) = postSolution
		SolutionGuid = {F775E5D0-15E6-46E0-AA58-C1356F4C787A}
	EndGlobalSection
EndGlobal
